// !$*UTF8*$!
{
	archiveVersion = 1;
	classes = {
	};
	objectVersion = 46;
	objects = {

/* Begin PBXBuildFile section */
		012E18F91D5440B8000738A5 /* Food.swift in Sources */ = {isa = PBXBuildFile; fileRef = 012E18F81D5440B8000738A5 /* Food.swift */; };
		01878D1D1D508F12001F2ED6 /* AppDelegate.swift in Sources */ = {isa = PBXBuildFile; fileRef = 01878D1C1D508F12001F2ED6 /* AppDelegate.swift */; };
		01878D1F1D508F12001F2ED6 /* ViewController.swift in Sources */ = {isa = PBXBuildFile; fileRef = 01878D1E1D508F12001F2ED6 /* ViewController.swift */; };
		01878D221D508F12001F2ED6 /* Main.storyboard in Resources */ = {isa = PBXBuildFile; fileRef = 01878D201D508F12001F2ED6 /* Main.storyboard */; };
		01878D241D508F12001F2ED6 /* Assets.xcassets in Resources */ = {isa = PBXBuildFile; fileRef = 01878D231D508F12001F2ED6 /* Assets.xcassets */; };
		01878D271D508F12001F2ED6 /* LaunchScreen.storyboard in Resources */ = {isa = PBXBuildFile; fileRef = 01878D251D508F12001F2ED6 /* LaunchScreen.storyboard */; };
		01878D331D50977C001F2ED6 /* MovieTableViewController.swift in Sources */ = {isa = PBXBuildFile; fileRef = 01878D321D50977C001F2ED6 /* MovieTableViewController.swift */; };
		01878D351D50F847001F2ED6 /* AddTableViewController.swift in Sources */ = {isa = PBXBuildFile; fileRef = 01878D341D50F847001F2ED6 /* AddTableViewController.swift */; };
		01878D371D519F0E001F2ED6 /* EditTableViewController.swift in Sources */ = {isa = PBXBuildFile; fileRef = 01878D361D519F0E001F2ED6 /* EditTableViewController.swift */; };
/* End PBXBuildFile section */

/* Begin PBXFileReference section */
		012E18F81D5440B8000738A5 /* Food.swift */ = {isa = PBXFileReference; fileEncoding = 4; lastKnownFileType = sourcecode.swift; path = Food.swift; sourceTree = "<group>"; };
		01878D191D508F12001F2ED6 /* AddDataTableview.app */ = {isa = PBXFileReference; explicitFileType = wrapper.application; includeInIndex = 0; path = AddDataTableview.app; sourceTree = BUILT_PRODUCTS_DIR; };
		01878D1C1D508F12001F2ED6 /* AppDelegate.swift */ = {isa = PBXFileReference; lastKnownFileType = sourcecode.swift; path = AppDelegate.swift; sourceTree = "<group>"; };
		01878D1E1D508F12001F2ED6 /* ViewController.swift */ = {isa = PBXFileReference; lastKnownFileType = sourcecode.swift; path = ViewController.swift; sourceTree = "<group>"; };
		01878D211D508F12001F2ED6 /* Base */ = {isa = PBXFileReference; lastKnownFileType = file.storyboard; name = Base; path = Base.lproj/Main.storyboard; sourceTree = "<group>"; };
		01878D231D508F12001F2ED6 /* Assets.xcassets */ = {isa = PBXFileReference; lastKnownFileType = folder.assetcatalog; path = Assets.xcassets; sourceTree = "<group>"; };
		01878D261D508F12001F2ED6 /* Base */ = {isa = PBXFileReference; lastKnownFileType = file.storyboard; name = Base; path = Base.lproj/LaunchScreen.storyboard; sourceTree = "<group>"; };
		01878D281D508F12001F2ED6 /* Info.plist */ = {isa = PBXFileReference; lastKnownFileType = text.plist.xml; path = Info.plist; sourceTree = "<group>"; };
		01878D321D50977C001F2ED6 /* MovieTableViewController.swift */ = {isa = PBXFileReference; fileEncoding = 4; lastKnownFileType = sourcecode.swift; path = MovieTableViewController.swift; sourceTree = "<group>"; };
		01878D341D50F847001F2ED6 /* AddTableViewController.swift */ = {isa = PBXFileReference; fileEncoding = 4; lastKnownFileType = sourcecode.swift; path = AddTableViewController.swift; sourceTree = "<group>"; };
		01878D361D519F0E001F2ED6 /* EditTableViewController.swift */ = {isa = PBXFileReference; fileEncoding = 4; lastKnownFileType = sourcecode.swift; path = EditTableViewController.swift; sourceTree = "<group>"; };
/* End PBXFileReference section */

/* Begin PBXFrameworksBuildPhase section */
		01878D161D508F12001F2ED6 /* Frameworks */ = {
			isa = PBXFrameworksBuildPhase;
			buildActionMask = 2147483647;
			files = (
			);
			runOnlyForDeploymentPostprocessing = 0;
		};
/* End PBXFrameworksBuildPhase section */

/* Begin PBXGroup section */
		01878D101D508F12001F2ED6 = {
			isa = PBXGroup;
			children = (
				01878D1B1D508F12001F2ED6 /* AddDataTableview */,
				01878D1A1D508F12001F2ED6 /* Products */,
			);
			sourceTree = "<group>";
		};
		01878D1A1D508F12001F2ED6 /* Products */ = {
			isa = PBXGroup;
			children = (
				01878D191D508F12001F2ED6 /* AddDataTableview.app */,
			);
			name = Products;
			sourceTree = "<group>";
		};
		01878D1B1D508F12001F2ED6 /* AddDataTableview */ = {
			isa = PBXGroup;
			children = (
				01878D201D508F12001F2ED6 /* Main.storyboard */,
				01878D1C1D508F12001F2ED6 /* AppDelegate.swift */,
				012E18F81D5440B8000738A5 /* Food.swift */,
				01878D341D50F847001F2ED6 /* AddTableViewController.swift */,
				01878D321D50977C001F2ED6 /* MovieTableViewController.swift */,
				01878D361D519F0E001F2ED6 /* EditTableViewController.swift */,
				01878D1E1D508F12001F2ED6 /* ViewController.swift */,
				01878D231D508F12001F2ED6 /* Assets.xcassets */,
				01878D251D508F12001F2ED6 /* LaunchScreen.storyboard */,
				01878D281D508F12001F2ED6 /* Info.plist */,
			);
			path = AddDataTableview;
			sourceTree = "<group>";
		};
/* End PBXGroup section */

/* Begin PBXNativeTarget section */
		01878D181D508F12001F2ED6 /* AddDataTableview */ = {
			isa = PBXNativeTarget;
			buildConfigurationList = 01878D2B1D508F12001F2ED6 /* Build configuration list for PBXNativeTarget "AddDataTableview" */;
			buildPhases = (
				01878D151D508F12001F2ED6 /* Sources */,
				01878D161D508F12001F2ED6 /* Frameworks */,
				01878D171D508F12001F2ED6 /* Resources */,
			);
			buildRules = (
			);
			dependencies = (
			);
			name = AddDataTableview;
			productName = AddDataTableview;
			productReference = 01878D191D508F12001F2ED6 /* AddDataTableview.app */;
			productType = "com.apple.product-type.application";
		};
/* End PBXNativeTarget section */

/* Begin PBXProject section */
		01878D111D508F12001F2ED6 /* Project object */ = {
			isa = PBXProject;
			attributes = {
				LastSwiftUpdateCheck = 0800;
				LastUpgradeCheck = 0800;
				ORGANIZATIONNAME = sky;
				TargetAttributes = {
					01878D181D508F12001F2ED6 = {
						CreatedOnToolsVersion = 8.0;
						DevelopmentTeam = 994WZS8A3U;
						DevelopmentTeamName = "仕凱 藍 (Personal Team)";
						ProvisioningStyle = Automatic;
					};
				};
			};
			buildConfigurationList = 01878D141D508F12001F2ED6 /* Build configuration list for PBXProject "AddDataTableview" */;
			compatibilityVersion = "Xcode 3.2";
			developmentRegion = English;
			hasScannedForEncodings = 0;
			knownRegions = (
				en,
				Base,
			);
			mainGroup = 01878D101D508F12001F2ED6;
			productRefGroup = 01878D1A1D508F12001F2ED6 /* Products */;
			projectDirPath = "";
			projectRoot = "";
			targets = (
				01878D181D508F12001F2ED6 /* AddDataTableview */,
			);
		};
/* End PBXProject section */

/* Begin PBXResourcesBuildPhase section */
		01878D171D508F12001F2ED6 /* Resources */ = {
			isa = PBXResourcesBuildPhase;
			buildActionMask = 2147483647;
			files = (
				01878D271D508F12001F2ED6 /* LaunchScreen.storyboard in Resources */,
				01878D241D508F12001F2ED6 /* Assets.xcassets in Resources */,
				01878D221D508F12001F2ED6 /* Main.storyboard in Resources */,
			);
			runOnlyForDeploymentPostprocessing = 0;
		};
/* End PBXResourcesBuildPhase section */

/* Begin PBXSourcesBuildPhase section */
		01878D151D508F12001F2ED6 /* Sources */ = {
			isa = PBXSourcesBuildPhase;
			buildActionMask = 2147483647;
			files = (
				01878D331D50977C001F2ED6 /* MovieTableViewController.swift in Sources */,
				01878D1F1D508F12001F2ED6 /* ViewController.swift in Sources */,
				01878D1D1D508F12001F2ED6 /* AppDelegate.swift in Sources */,
				01878D371D519F0E001F2ED6 /* EditTableViewController.swift in Sources */,
				01878D351D50F847001F2ED6 /* AddTableViewController.swift in Sources */,
				012E18F91D5440B8000738A5 /* Food.swift in Sources */,
			);
			runOnlyForDeploymentPostprocessing = 0;
		};
/* End PBXSourcesBuildPhase section */

/* Begin PBXVariantGroup section */
		01878D201D508F12001F2ED6 /* Main.storyboard */ = {
			isa = PBXVariantGroup;
			children = (
				01878D211D508F12001F2ED6 /* Base */,
			);
			name = Main.storyboard;
			sourceTree = "<group>";
		};
		01878D251D508F12001F2ED6 /* LaunchScreen.storyboard */ = {
			isa = PBXVariantGroup;
			children = (
				01878D261D508F12001F2ED6 /* Base */,
			);
			name = LaunchScreen.storyboard;
			sourceTree = "<group>";
		};
/* End PBXVariantGroup section */

/* Begin XCBuildConfiguration section */
		01878D291D508F12001F2ED6 /* Debug */ = {
			isa = XCBuildConfiguration;
			buildSettings = {
				ALWAYS_SEARCH_USER_PATHS = NO;
				CLANG_ANALYZER_NONNULL = YES;
				CLANG_CXX_LANGUAGE_STANDARD = "gnu++0x";
				CLANG_CXX_LIBRARY = "libc++";
				CLANG_ENABLE_MODULES = YES;
				CLANG_ENABLE_OBJC_ARC = YES;
				CLANG_WARN_BOOL_CONVERSION = YES;
				CLANG_WARN_CONSTANT_CONVERSION = YES;
				CLANG_WARN_DIRECT_OBJC_ISA_USAGE = YES_ERROR;
				CLANG_WARN_DOCUMENTATION_COMMENTS = YES;
				CLANG_WARN_EMPTY_BODY = YES;
				CLANG_WARN_ENUM_CONVERSION = YES;
				CLANG_WARN_INT_CONVERSION = YES;
				CLANG_WARN_OBJC_ROOT_CLASS = YES_ERROR;
				CLANG_WARN_UNREACHABLE_CODE = YES;
				CLANG_WARN__DUPLICATE_METHOD_MATCH = YES;
				"CODE_SIGN_IDENTITY[sdk=iphoneos*]" = "iPhone Developer";
				COPY_PHASE_STRIP = NO;
				DEBUG_INFORMATION_FORMAT = dwarf;
				ENABLE_STRICT_OBJC_MSGSEND = YES;
				ENABLE_TESTABILITY = YES;
				GCC_C_LANGUAGE_STANDARD = gnu99;
				GCC_DYNAMIC_NO_PIC = NO;
				GCC_NO_COMMON_BLOCKS = YES;
				GCC_OPTIMIZATION_LEVEL = 0;
				GCC_PREPROCESSOR_DEFINITIONS = (
					"DEBUG=1",
					"$(inherited)",
				);
				GCC_WARN_64_TO_32_BIT_CONVERSION = YES;
				GCC_WARN_ABOUT_RETURN_TYPE = YES_ERROR;
				GCC_WARN_UNDECLARED_SELECTOR = YES;
				GCC_WARN_UNINITIALIZED_AUTOS = YES_AGGRESSIVE;
				GCC_WARN_UNUSED_FUNCTION = YES;
				GCC_WARN_UNUSED_VARIABLE = YES;
				IPHONEOS_DEPLOYMENT_TARGET = 10.0;
				MTL_ENABLE_DEBUG_INFO = YES;
				ONLY_ACTIVE_ARCH = YES;
				SDKROOT = iphoneos;
				SWIFT_ACTIVE_COMPILATION_CONDITIONS = DEBUG;
				SWIFT_OPTIMIZATION_LEVEL = "-Onone";
			};
			name = Debug;
		};
		01878D2A1D508F12001F2ED6 /* Release */ = {
			isa = XCBuildConfiguration;
			buildSettings = {
				ALWAYS_SEARCH_USER_PATHS = NO;
				CLANG_ANALYZER_NONNULL = YES;
				CLANG_CXX_LANGUAGE_STANDARD = "gnu++0x";
				CLANG_CXX_LIBRARY = "libc++";
				CLANG_ENABLE_MODULES = YES;
				CLANG_ENABLE_OBJC_ARC = YES;
				CLANG_WARN_BOOL_CONVERSION = YES;
				CLANG_WARN_CONSTANT_CONVERSION = YES;
				CLANG_WARN_DIRECT_OBJC_ISA_USAGE = YES_ERROR;
				CLANG_WARN_DOCUMENTATION_COMMENTS = YES;
				CLANG_WARN_EMPTY_BODY = YES;
				CLANG_WARN_ENUM_CONVERSION = YES;
				CLANG_WARN_INT_CONVERSION = YES;
				CLANG_WARN_OBJC_ROOT_CLASS = YES_ERROR;
				CLANG_WARN_UNREACHABLE_CODE = YES;
				CLANG_WARN__DUPLICATE_METHOD_MATCH = YES;
				"CODE_SIGN_IDENTITY[sdk=iphoneos*]" = "iPhone Developer";
				COPY_PHASE_STRIP = NO;
				DEBUG_INFORMATION_FORMAT = "dwarf-with-dsym";
				ENABLE_NS_ASSERTIONS = NO;
				ENABLE_STRICT_OBJC_MSGSEND = YES;
				GCC_C_LANGUAGE_STANDARD = gnu99;
				GCC_NO_COMMON_BLOCKS = YES;
				GCC_WARN_64_TO_32_BIT_CONVERSION = YES;
				GCC_WARN_ABOUT_RETURN_TYPE = YES_ERROR;
				GCC_WARN_UNDECLARED_SELECTOR = YES;
				GCC_WARN_UNINITIALIZED_AUTOS = YES_AGGRESSIVE;
				GCC_WARN_UNUSED_FUNCTION = YES;
				GCC_WARN_UNUSED_VARIABLE = YES;
				IPHONEOS_DEPLOYMENT_TARGET = 10.0;
				MTL_ENABLE_DEBUG_INFO = NO;
				SDKROOT = iphoneos;
				SWIFT_OPTIMIZATION_LEVEL = "-Owholemodule";
				VALIDATE_PRODUCT = YES;
			};
			name = Release;
		};
		01878D2C1D508F12001F2ED6 /* Debug */ = {
			isa = XCBuildConfiguration;
			buildSettings = {
				ASSETCATALOG_COMPILER_APPICON_NAME = AppIcon;
				INFOPLIST_FILE = AddDataTableview/Info.plist;
				LD_RUNPATH_SEARCH_PATHS = "$(inherited) @executable_path/Frameworks";
				PRODUCT_BUNDLE_IDENTIFIER = com.sky.AddDataTableview;
				PRODUCT_NAME = "$(TARGET_NAME)";
				SWIFT_VERSION = 3.0;
			};
			name = Debug;
		};
		01878D2D1D508F12001F2ED6 /* Release */ = {
			isa = XCBuildConfiguration;
			buildSettings = {
				ASSETCATALOG_COMPILER_APPICON_NAME = AppIcon;
				INFOPLIST_FILE = AddDataTableview/Info.plist;
				LD_RUNPATH_SEARCH_PATHS = "$(inherited) @executable_path/Frameworks";
				PRODUCT_BUNDLE_IDENTIFIER = com.sky.AddDataTableview;
				PRODUCT_NAME = "$(TARGET_NAME)";
				SWIFT_VERSION = 3.0;
			};
			name = Release;
		};
/* End XCBuildConfiguration section */

/* Begin XCConfigurationList section */
		01878D141D508F12001F2ED6 /* Build configuration list for PBXProject "AddDataTableview" */ = {
			isa = XCConfigurationList;
			buildConfigurations = (
				01878D291D508F12001F2ED6 /* Debug */,
				01878D2A1D508F12001F2ED6 /* Release */,
			);
			defaultConfigurationIsVisible = 0;
			defaultConfigurationName = Release;
		};
		01878D2B1D508F12001F2ED6 /* Build configuration list for PBXNativeTarget "AddDataTableview" */ = {
			isa = XCConfigurationList;
			buildConfigurations = (
				01878D2C1D508F12001F2ED6 /* Debug */,
				01878D2D1D508F12001F2ED6 /* Release */,
			);
			defaultConfigurationIsVisible = 0;
			defaultConfigurationName = Release;
		};
/* End XCConfigurationList section */
	};
	rootObject = 01878D111D508F12001F2ED6 /* Project object */;
}
